// !$*UTF8*$!
{
	archiveVersion = 1;
	classes = {
	};
	objectVersion = 48;
	objects = {

/* Begin PBXBuildFile section */
		8D424907033356B0E5124C1C /* Pods_TumblrUITests.framework in Frameworks */ = {isa = PBXBuildFile; fileRef = 3A54AC99DB60FFA319214D33 /* Pods_TumblrUITests.framework */; };
		A8F93FFADA1ACD902D2D4B93 /* Pods_TumblrTests.framework in Frameworks */ = {isa = PBXBuildFile; fileRef = 3D4A96AB3B10DA8038098E7A /* Pods_TumblrTests.framework */; };
		D631DA8EC17449CFA7AFEB9F /* Pods_Tumblr.framework in Frameworks */ = {isa = PBXBuildFile; fileRef = F889EA531641B6A99E393910 /* Pods_Tumblr.framework */; };
		F24DA46C1FC3BAC300369150 /* AppDelegate.swift in Sources */ = {isa = PBXBuildFile; fileRef = F24DA46B1FC3BAC300369150 /* AppDelegate.swift */; };
		F24DA4711FC3BAC300369150 /* Main.storyboard in Resources */ = {isa = PBXBuildFile; fileRef = F24DA46F1FC3BAC300369150 /* Main.storyboard */; };
		F24DA4731FC3BAC300369150 /* Assets.xcassets in Resources */ = {isa = PBXBuildFile; fileRef = F24DA4721FC3BAC300369150 /* Assets.xcassets */; };
		F24DA4761FC3BAC300369150 /* LaunchScreen.storyboard in Resources */ = {isa = PBXBuildFile; fileRef = F24DA4741FC3BAC300369150 /* LaunchScreen.storyboard */; };
		F24DA4811FC3BAC400369150 /* TumblrTests.swift in Sources */ = {isa = PBXBuildFile; fileRef = F24DA4801FC3BAC400369150 /* TumblrTests.swift */; };
		F24DA48C1FC3BAC400369150 /* TumblrUITests.swift in Sources */ = {isa = PBXBuildFile; fileRef = F24DA48B1FC3BAC400369150 /* TumblrUITests.swift */; };
		F2D767F81FC3BCE9007595C5 /* PhotoCell.swift in Sources */ = {isa = PBXBuildFile; fileRef = F2D767F71FC3BCE9007595C5 /* PhotoCell.swift */; };
		F2D767FC1FC3C3DE007595C5 /* PhotosViewController.swift in Sources */ = {isa = PBXBuildFile; fileRef = F2D767FB1FC3C3DE007595C5 /* PhotosViewController.swift */; };
		F2D768001FC4CC17007595C5 /* DetailViewController.swift in Sources */ = {isa = PBXBuildFile; fileRef = F2D767FF1FC4CC17007595C5 /* DetailViewController.swift */; };
/* End PBXBuildFile section */

/* Begin PBXContainerItemProxy section */
		F24DA47D1FC3BAC300369150 /* PBXContainerItemProxy */ = {
			isa = PBXContainerItemProxy;
			containerPortal = F24DA4601FC3BAC300369150 /* Project object */;
			proxyType = 1;
			remoteGlobalIDString = F24DA4671FC3BAC300369150;
			remoteInfo = Tumblr;
		};
		F24DA4881FC3BAC400369150 /* PBXContainerItemProxy */ = {
			isa = PBXContainerItemProxy;
			containerPortal = F24DA4601FC3BAC300369150 /* Project object */;
			proxyType = 1;
			remoteGlobalIDString = F24DA4671FC3BAC300369150;
			remoteInfo = Tumblr;
		};
/* End PBXContainerItemProxy section */

/* Begin PBXFileReference section */
		145786C518104808C4E6EF9A /* Pods-TumblrUITests.debug.xcconfig */ = {isa = PBXFileReference; includeInIndex = 1; lastKnownFileType = text.xcconfig; name = "Pods-TumblrUITests.debug.xcconfig"; path = "Pods/Target Support Files/Pods-TumblrUITests/Pods-TumblrUITests.debug.xcconfig"; sourceTree = "<group>"; };
		377C0FD34E251C1408622DE4 /* Pods-Tumblr.debug.xcconfig */ = {isa = PBXFileReference; includeInIndex = 1; lastKnownFileType = text.xcconfig; name = "Pods-Tumblr.debug.xcconfig"; path = "Pods/Target Support Files/Pods-Tumblr/Pods-Tumblr.debug.xcconfig"; sourceTree = "<group>"; };
		3A54AC99DB60FFA319214D33 /* Pods_TumblrUITests.framework */ = {isa = PBXFileReference; explicitFileType = wrapper.framework; includeInIndex = 0; path = Pods_TumblrUITests.framework; sourceTree = BUILT_PRODUCTS_DIR; };
		3D4A96AB3B10DA8038098E7A /* Pods_TumblrTests.framework */ = {isa = PBXFileReference; explicitFileType = wrapper.framework; includeInIndex = 0; path = Pods_TumblrTests.framework; sourceTree = BUILT_PRODUCTS_DIR; };
		A5D00A67682E31680D4BF0D0 /* Pods-TumblrUITests.release.xcconfig */ = {isa = PBXFileReference; includeInIndex = 1; lastKnownFileType = text.xcconfig; name = "Pods-TumblrUITests.release.xcconfig"; path = "Pods/Target Support Files/Pods-TumblrUITests/Pods-TumblrUITests.release.xcconfig"; sourceTree = "<group>"; };
		AB4D25979CB853BE5468D500 /* Pods-TumblrTests.debug.xcconfig */ = {isa = PBXFileReference; includeInIndex = 1; lastKnownFileType = text.xcconfig; name = "Pods-TumblrTests.debug.xcconfig"; path = "Pods/Target Support Files/Pods-TumblrTests/Pods-TumblrTests.debug.xcconfig"; sourceTree = "<group>"; };
		ABAE68743FEDEA3CDB3B83AE /* Pods-TumblrTests.release.xcconfig */ = {isa = PBXFileReference; includeInIndex = 1; lastKnownFileType = text.xcconfig; name = "Pods-TumblrTests.release.xcconfig"; path = "Pods/Target Support Files/Pods-TumblrTests/Pods-TumblrTests.release.xcconfig"; sourceTree = "<group>"; };
		CC4E6B23302F070F89EC6D78 /* Pods-Tumblr.release.xcconfig */ = {isa = PBXFileReference; includeInIndex = 1; lastKnownFileType = text.xcconfig; name = "Pods-Tumblr.release.xcconfig"; path = "Pods/Target Support Files/Pods-Tumblr/Pods-Tumblr.release.xcconfig"; sourceTree = "<group>"; };
		F24DA4681FC3BAC300369150 /* Tumblr.app */ = {isa = PBXFileReference; explicitFileType = wrapper.application; includeInIndex = 0; path = Tumblr.app; sourceTree = BUILT_PRODUCTS_DIR; };
		F24DA46B1FC3BAC300369150 /* AppDelegate.swift */ = {isa = PBXFileReference; lastKnownFileType = sourcecode.swift; path = AppDelegate.swift; sourceTree = "<group>"; };
		F24DA4701FC3BAC300369150 /* Base */ = {isa = PBXFileReference; lastKnownFileType = file.storyboard; name = Base; path = Base.lproj/Main.storyboard; sourceTree = "<group>"; };
		F24DA4721FC3BAC300369150 /* Assets.xcassets */ = {isa = PBXFileReference; lastKnownFileType = folder.assetcatalog; path = Assets.xcassets; sourceTree = "<group>"; };
		F24DA4751FC3BAC300369150 /* Base */ = {isa = PBXFileReference; lastKnownFileType = file.storyboard; name = Base; path = Base.lproj/LaunchScreen.storyboard; sourceTree = "<group>"; };
		F24DA4771FC3BAC300369150 /* Info.plist */ = {isa = PBXFileReference; lastKnownFileType = text.plist.xml; path = Info.plist; sourceTree = "<group>"; };
		F24DA47C1FC3BAC300369150 /* TumblrTests.xctest */ = {isa = PBXFileReference; explicitFileType = wrapper.cfbundle; includeInIndex = 0; path = TumblrTests.xctest; sourceTree = BUILT_PRODUCTS_DIR; };
		F24DA4801FC3BAC400369150 /* TumblrTests.swift */ = {isa = PBXFileReference; lastKnownFileType = sourcecode.swift; path = TumblrTests.swift; sourceTree = "<group>"; };
		F24DA4821FC3BAC400369150 /* Info.plist */ = {isa = PBXFileReference; lastKnownFileType = text.plist.xml; path = Info.plist; sourceTree = "<group>"; };
		F24DA4871FC3BAC400369150 /* TumblrUITests.xctest */ = {isa = PBXFileReference; explicitFileType = wrapper.cfbundle; includeInIndex = 0; path = TumblrUITests.xctest; sourceTree = BUILT_PRODUCTS_DIR; };
		F24DA48B1FC3BAC400369150 /* TumblrUITests.swift */ = {isa = PBXFileReference; lastKnownFileType = sourcecode.swift; path = TumblrUITests.swift; sourceTree = "<group>"; };
		F24DA48D1FC3BAC400369150 /* Info.plist */ = {isa = PBXFileReference; lastKnownFileType = text.plist.xml; path = Info.plist; sourceTree = "<group>"; };
		F2D767F71FC3BCE9007595C5 /* PhotoCell.swift */ = {isa = PBXFileReference; lastKnownFileType = sourcecode.swift; path = PhotoCell.swift; sourceTree = "<group>"; };
		F2D767FB1FC3C3DE007595C5 /* PhotosViewController.swift */ = {isa = PBXFileReference; lastKnownFileType = sourcecode.swift; path = PhotosViewController.swift; sourceTree = "<group>"; };
		F2D767FF1FC4CC17007595C5 /* DetailViewController.swift */ = {isa = PBXFileReference; lastKnownFileType = sourcecode.swift; path = DetailViewController.swift; sourceTree = "<group>"; };
		F889EA531641B6A99E393910 /* Pods_Tumblr.framework */ = {isa = PBXFileReference; explicitFileType = wrapper.framework; includeInIndex = 0; path = Pods_Tumblr.framework; sourceTree = BUILT_PRODUCTS_DIR; };
/* End PBXFileReference section */

/* Begin PBXFrameworksBuildPhase section */
		F24DA4651FC3BAC300369150 /* Frameworks */ = {
			isa = PBXFrameworksBuildPhase;
			buildActionMask = 2147483647;
			files = (
				D631DA8EC17449CFA7AFEB9F /* Pods_Tumblr.framework in Frameworks */,
			);
			runOnlyForDeploymentPostprocessing = 0;
		};
		F24DA4791FC3BAC300369150 /* Frameworks */ = {
			isa = PBXFrameworksBuildPhase;
			buildActionMask = 2147483647;
			files = (
				A8F93FFADA1ACD902D2D4B93 /* Pods_TumblrTests.framework in Frameworks */,
			);
			runOnlyForDeploymentPostprocessing = 0;
		};
		F24DA4841FC3BAC400369150 /* Frameworks */ = {
			isa = PBXFrameworksBuildPhase;
			buildActionMask = 2147483647;
			files = (
				8D424907033356B0E5124C1C /* Pods_TumblrUITests.framework in Frameworks */,
			);
			runOnlyForDeploymentPostprocessing = 0;
		};
/* End PBXFrameworksBuildPhase section */

/* Begin PBXGroup section */
		366A683F9B2855CDC49085FE /* Pods */ = {
			isa = PBXGroup;
			children = (
				377C0FD34E251C1408622DE4 /* Pods-Tumblr.debug.xcconfig */,
				CC4E6B23302F070F89EC6D78 /* Pods-Tumblr.release.xcconfig */,
				AB4D25979CB853BE5468D500 /* Pods-TumblrTests.debug.xcconfig */,
				ABAE68743FEDEA3CDB3B83AE /* Pods-TumblrTests.release.xcconfig */,
				145786C518104808C4E6EF9A /* Pods-TumblrUITests.debug.xcconfig */,
				A5D00A67682E31680D4BF0D0 /* Pods-TumblrUITests.release.xcconfig */,
			);
			name = Pods;
			sourceTree = "<group>";
		};
		AC015B637C725BDD547DD302 /* Frameworks */ = {
			isa = PBXGroup;
			children = (
				F889EA531641B6A99E393910 /* Pods_Tumblr.framework */,
				3D4A96AB3B10DA8038098E7A /* Pods_TumblrTests.framework */,
				3A54AC99DB60FFA319214D33 /* Pods_TumblrUITests.framework */,
			);
			name = Frameworks;
			sourceTree = "<group>";
		};
		F24DA45F1FC3BAC300369150 = {
			isa = PBXGroup;
			children = (
				F24DA46A1FC3BAC300369150 /* Tumblr */,
				F24DA47F1FC3BAC400369150 /* TumblrTests */,
				F24DA48A1FC3BAC400369150 /* TumblrUITests */,
				F24DA4691FC3BAC300369150 /* Products */,
				366A683F9B2855CDC49085FE /* Pods */,
				AC015B637C725BDD547DD302 /* Frameworks */,
			);
			sourceTree = "<group>";
		};
		F24DA4691FC3BAC300369150 /* Products */ = {
			isa = PBXGroup;
			children = (
				F24DA4681FC3BAC300369150 /* Tumblr.app */,
				F24DA47C1FC3BAC300369150 /* TumblrTests.xctest */,
				F24DA4871FC3BAC400369150 /* TumblrUITests.xctest */,
			);
			name = Products;
			sourceTree = "<group>";
		};
		F24DA46A1FC3BAC300369150 /* Tumblr */ = {
			isa = PBXGroup;
			children = (
				F24DA46B1FC3BAC300369150 /* AppDelegate.swift */,
				F24DA46F1FC3BAC300369150 /* Main.storyboard */,
				F24DA4721FC3BAC300369150 /* Assets.xcassets */,
				F24DA4741FC3BAC300369150 /* LaunchScreen.storyboard */,
				F24DA4771FC3BAC300369150 /* Info.plist */,
				F2D767F71FC3BCE9007595C5 /* PhotoCell.swift */,
				F2D767FB1FC3C3DE007595C5 /* PhotosViewController.swift */,
				F2D767FF1FC4CC17007595C5 /* DetailViewController.swift */,
			);
			path = Tumblr;
			sourceTree = "<group>";
		};
		F24DA47F1FC3BAC400369150 /* TumblrTests */ = {
			isa = PBXGroup;
			children = (
				F24DA4801FC3BAC400369150 /* TumblrTests.swift */,
				F24DA4821FC3BAC400369150 /* Info.plist */,
			);
			path = TumblrTests;
			sourceTree = "<group>";
		};
		F24DA48A1FC3BAC400369150 /* TumblrUITests */ = {
			isa = PBXGroup;
			children = (
				F24DA48B1FC3BAC400369150 /* TumblrUITests.swift */,
				F24DA48D1FC3BAC400369150 /* Info.plist */,
			);
			path = TumblrUITests;
			sourceTree = "<group>";
		};
/* End PBXGroup section */

/* Begin PBXNativeTarget section */
		F24DA4671FC3BAC300369150 /* Tumblr */ = {
			isa = PBXNativeTarget;
			buildConfigurationList = F24DA4901FC3BAC400369150 /* Build configuration list for PBXNativeTarget "Tumblr" */;
			buildPhases = (
				9FA1631B4CAF09403CB24B06 /* [CP] Check Pods Manifest.lock */,
				F24DA4641FC3BAC300369150 /* Sources */,
				F24DA4651FC3BAC300369150 /* Frameworks */,
				F24DA4661FC3BAC300369150 /* Resources */,
				94955002D156669B920B3E06 /* [CP] Embed Pods Frameworks */,
				CDF9BB9E415E799AB7C7C856 /* [CP] Copy Pods Resources */,
			);
			buildRules = (
			);
			dependencies = (
			);
			name = Tumblr;
			productName = Tumblr;
			productReference = F24DA4681FC3BAC300369150 /* Tumblr.app */;
			productType = "com.apple.product-type.application";
		};
		F24DA47B1FC3BAC300369150 /* TumblrTests */ = {
			isa = PBXNativeTarget;
			buildConfigurationList = F24DA4931FC3BAC400369150 /* Build configuration list for PBXNativeTarget "TumblrTests" */;
			buildPhases = (
				B2A5C2A74A7BFCB922DEB02B /* [CP] Check Pods Manifest.lock */,
				F24DA4781FC3BAC300369150 /* Sources */,
				F24DA4791FC3BAC300369150 /* Frameworks */,
				F24DA47A1FC3BAC300369150 /* Resources */,
				E43C8BD9A7564AFE8D6AEE34 /* [CP] Embed Pods Frameworks */,
				E333DD95AB6876C810E8EA2D /* [CP] Copy Pods Resources */,
			);
			buildRules = (
			);
			dependencies = (
				F24DA47E1FC3BAC300369150 /* PBXTargetDependency */,
			);
			name = TumblrTests;
			productName = TumblrTests;
			productReference = F24DA47C1FC3BAC300369150 /* TumblrTests.xctest */;
			productType = "com.apple.product-type.bundle.unit-test";
		};
		F24DA4861FC3BAC400369150 /* TumblrUITests */ = {
			isa = PBXNativeTarget;
			buildConfigurationList = F24DA4961FC3BAC400369150 /* Build configuration list for PBXNativeTarget "TumblrUITests" */;
			buildPhases = (
				5E61C93A99E9F90F05BEBD39 /* [CP] Check Pods Manifest.lock */,
				F24DA4831FC3BAC400369150 /* Sources */,
				F24DA4841FC3BAC400369150 /* Frameworks */,
				F24DA4851FC3BAC400369150 /* Resources */,
				1C8980BEE1A4FCC5F0AE9E96 /* [CP] Embed Pods Frameworks */,
				DEAE17C160F58BE3DF1E56C7 /* [CP] Copy Pods Resources */,
			);
			buildRules = (
			);
			dependencies = (
				F24DA4891FC3BAC400369150 /* PBXTargetDependency */,
			);
			name = TumblrUITests;
			productName = TumblrUITests;
			productReference = F24DA4871FC3BAC400369150 /* TumblrUITests.xctest */;
			productType = "com.apple.product-type.bundle.ui-testing";
		};
/* End PBXNativeTarget section */

/* Begin PBXProject section */
		F24DA4601FC3BAC300369150 /* Project object */ = {
			isa = PBXProject;
			attributes = {
				LastSwiftUpdateCheck = 0910;
				LastUpgradeCheck = 0910;
				ORGANIZATIONNAME = "Harold ";
				TargetAttributes = {
					F24DA4671FC3BAC300369150 = {
						CreatedOnToolsVersion = 9.1;
						ProvisioningStyle = Automatic;
					};
					F24DA47B1FC3BAC300369150 = {
						CreatedOnToolsVersion = 9.1;
						ProvisioningStyle = Automatic;
						TestTargetID = F24DA4671FC3BAC300369150;
					};
					F24DA4861FC3BAC400369150 = {
						CreatedOnToolsVersion = 9.1;
						ProvisioningStyle = Automatic;
						TestTargetID = F24DA4671FC3BAC300369150;
					};
				};
			};
			buildConfigurationList = F24DA4631FC3BAC300369150 /* Build configuration list for PBXProject "Tumblr" */;
			compatibilityVersion = "Xcode 8.0";
			developmentRegion = en;
			hasScannedForEncodings = 0;
			knownRegions = (
				en,
				Base,
			);
			mainGroup = F24DA45F1FC3BAC300369150;
			productRefGroup = F24DA4691FC3BAC300369150 /* Products */;
			projectDirPath = "";
			projectRoot = "";
			targets = (
				F24DA4671FC3BAC300369150 /* Tumblr */,
				F24DA47B1FC3BAC300369150 /* TumblrTests */,
				F24DA4861FC3BAC400369150 /* TumblrUITests */,
			);
		};
/* End PBXProject section */

/* Begin PBXResourcesBuildPhase section */
		F24DA4661FC3BAC300369150 /* Resources */ = {
			isa = PBXResourcesBuildPhase;
			buildActionMask = 2147483647;
			files = (
				F24DA4761FC3BAC300369150 /* LaunchScreen.storyboard in Resources */,
				F24DA4731FC3BAC300369150 /* Assets.xcassets in Resources */,
				F24DA4711FC3BAC300369150 /* Main.storyboard in Resources */,
			);
			runOnlyForDeploymentPostprocessing = 0;
		};
		F24DA47A1FC3BAC300369150 /* Resources */ = {
			isa = PBXResourcesBuildPhase;
			buildActionMask = 2147483647;
			files = (
			);
			runOnlyForDeploymentPostprocessing = 0;
		};
		F24DA4851FC3BAC400369150 /* Resources */ = {
			isa = PBXResourcesBuildPhase;
			buildActionMask = 2147483647;
			files = (
			);
			runOnlyForDeploymentPostprocessing = 0;
		};
/* End PBXResourcesBuildPhase section */

/* Begin PBXShellScriptBuildPhase section */
		1C8980BEE1A4FCC5F0AE9E96 /* [CP] Embed Pods Frameworks */ = {
			isa = PBXShellScriptBuildPhase;
			buildActionMask = 2147483647;
			files = (
			);
			inputPaths = (
			);
			name = "[CP] Embed Pods Frameworks";
			outputPaths = (
			);
			runOnlyForDeploymentPostprocessing = 0;
			shellPath = /bin/sh;
			shellScript = "\"${SRCROOT}/Pods/Target Support Files/Pods-TumblrUITests/Pods-TumblrUITests-frameworks.sh\"\n";
			showEnvVarsInLog = 0;
		};
		5E61C93A99E9F90F05BEBD39 /* [CP] Check Pods Manifest.lock */ = {
			isa = PBXShellScriptBuildPhase;
			buildActionMask = 2147483647;
			files = (
			);
			inputPaths = (
				"${PODS_PODFILE_DIR_PATH}/Podfile.lock",
				"${PODS_ROOT}/Manifest.lock",
			);
			name = "[CP] Check Pods Manifest.lock";
			outputPaths = (
				"$(DERIVED_FILE_DIR)/Pods-TumblrUITests-checkManifestLockResult.txt",
			);
			runOnlyForDeploymentPostprocessing = 0;
			shellPath = /bin/sh;
			shellScript = "diff \"${PODS_PODFILE_DIR_PATH}/Podfile.lock\" \"${PODS_ROOT}/Manifest.lock\" > /dev/null\nif [ $? != 0 ] ; then\n    # print error to STDERR\n    echo \"error: The sandbox is not in sync with the Podfile.lock. Run 'pod install' or update your CocoaPods installation.\" >&2\n    exit 1\nfi\n# This output is used by Xcode 'outputs' to avoid re-running this script phase.\necho \"SUCCESS\" > \"${SCRIPT_OUTPUT_FILE_0}\"\n";
			showEnvVarsInLog = 0;
		};
		94955002D156669B920B3E06 /* [CP] Embed Pods Frameworks */ = {
			isa = PBXShellScriptBuildPhase;
			buildActionMask = 2147483647;
			files = (
			);
			inputPaths = (
				"${SRCROOT}/Pods/Target Support Files/Pods-Tumblr/Pods-Tumblr-frameworks.sh",
				"${BUILT_PRODUCTS_DIR}/Alamofire/Alamofire.framework",
				"${BUILT_PRODUCTS_DIR}/AlamofireImage/AlamofireImage.framework",
			);
			name = "[CP] Embed Pods Frameworks";
			outputPaths = (
				"${TARGET_BUILD_DIR}/${FRAMEWORKS_FOLDER_PATH}/Alamofire.framework",
				"${TARGET_BUILD_DIR}/${FRAMEWORKS_FOLDER_PATH}/AlamofireImage.framework",
			);
			runOnlyForDeploymentPostprocessing = 0;
			shellPath = /bin/sh;
			shellScript = "\"${SRCROOT}/Pods/Target Support Files/Pods-Tumblr/Pods-Tumblr-frameworks.sh\"\n";
			showEnvVarsInLog = 0;
		};
		9FA1631B4CAF09403CB24B06 /* [CP] Check Pods Manifest.lock */ = {
			isa = PBXShellScriptBuildPhase;
			buildActionMask = 2147483647;
			files = (
			);
			inputPaths = (
				"${PODS_PODFILE_DIR_PATH}/Podfile.lock",
				"${PODS_ROOT}/Manifest.lock",
			);
			name = "[CP] Check Pods Manifest.lock";
			outputPaths = (
				"$(DERIVED_FILE_DIR)/Pods-Tumblr-checkManifestLockResult.txt",
			);
			runOnlyForDeploymentPostprocessing = 0;
			shellPath = /bin/sh;
			shellScript = "diff \"${PODS_PODFILE_DIR_PATH}/Podfile.lock\" \"${PODS_ROOT}/Manifest.lock\" > /dev/null\nif [ $? != 0 ] ; then\n    # print error to STDERR\n    echo \"error: The sandbox is not in sync with the Podfile.lock. Run 'pod install' or update your CocoaPods installation.\" >&2\n    exit 1\nfi\n# This output is used by Xcode 'outputs' to avoid re-running this script phase.\necho \"SUCCESS\" > \"${SCRIPT_OUTPUT_FILE_0}\"\n";
			showEnvVarsInLog = 0;
		};
		B2A5C2A74A7BFCB922DEB02B /* [CP] Check Pods Manifest.lock */ = {
			isa = PBXShellScriptBuildPhase;
			buildActionMask = 2147483647;
			files = (
			);
			inputPaths = (
				"${PODS_PODFILE_DIR_PATH}/Podfile.lock",
				"${PODS_ROOT}/Manifest.lock",
			);
			name = "[CP] Check Pods Manifest.lock";
			outputPaths = (
				"$(DERIVED_FILE_DIR)/Pods-TumblrTests-checkManifestLockResult.txt",
			);
			runOnlyForDeploymentPostprocessing = 0;
			shellPath = /bin/sh;
			shellScript = "diff \"${PODS_PODFILE_DIR_PATH}/Podfile.lock\" \"${PODS_ROOT}/Manifest.lock\" > /dev/null\nif [ $? != 0 ] ; then\n    # print error to STDERR\n    echo \"error: The sandbox is not in sync with the Podfile.lock. Run 'pod install' or update your CocoaPods installation.\" >&2\n    exit 1\nfi\n# This output is used by Xcode 'outputs' to avoid re-running this script phase.\necho \"SUCCESS\" > \"${SCRIPT_OUTPUT_FILE_0}\"\n";
			showEnvVarsInLog = 0;
		};
		CDF9BB9E415E799AB7C7C856 /* [CP] Copy Pods Resources */ = {
			isa = PBXShellScriptBuildPhase;
			buildActionMask = 2147483647;
			files = (
			);
			inputPaths = (
			);
			name = "[CP] Copy Pods Resources";
			outputPaths = (
			);
			runOnlyForDeploymentPostprocessing = 0;
			shellPath = /bin/sh;
			shellScript = "\"${SRCROOT}/Pods/Target Support Files/Pods-Tumblr/Pods-Tumblr-resources.sh\"\n";
			showEnvVarsInLog = 0;
		};
		DEAE17C160F58BE3DF1E56C7 /* [CP] Copy Pods Resources */ = {
			isa = PBXShellScriptBuildPhase;
			buildActionMask = 2147483647;
			files = (
			);
			inputPaths = (
			);
			name = "[CP] Copy Pods Resources";
			outputPaths = (
			);
			runOnlyForDeploymentPostprocessing = 0;
			shellPath = /bin/sh;
			shellScript = "\"${SRCROOT}/Pods/Target Support Files/Pods-TumblrUITests/Pods-TumblrUITests-resources.sh\"\n";
			showEnvVarsInLog = 0;
		};
		E333DD95AB6876C810E8EA2D /* [CP] Copy Pods Resources */ = {
			isa = PBXShellScriptBuildPhase;
			buildActionMask = 2147483647;
			files = (
			);
			inputPaths = (
			);
			name = "[CP] Copy Pods Resources";
			outputPaths = (
			);
			runOnlyForDeploymentPostprocessing = 0;
			shellPath = /bin/sh;
			shellScript = "\"${SRCROOT}/Pods/Target Support Files/Pods-TumblrTests/Pods-TumblrTests-resources.sh\"\n";
			showEnvVarsInLog = 0;
		};
		E43C8BD9A7564AFE8D6AEE34 /* [CP] Embed Pods Frameworks */ = {
			isa = PBXShellScriptBuildPhase;
			buildActionMask = 2147483647;
			files = (
			);
			inputPaths = (
			);
			name = "[CP] Embed Pods Frameworks";
			outputPaths = (
			);
			runOnlyForDeploymentPostprocessing = 0;
			shellPath = /bin/sh;
			shellScript = "\"${SRCROOT}/Pods/Target Support Files/Pods-TumblrTests/Pods-TumblrTests-frameworks.sh\"\n";
			showEnvVarsInLog = 0;
		};
/* End PBXShellScriptBuildPhase section */

/* Begin PBXSourcesBuildPhase section */
		F24DA4641FC3BAC300369150 /* Sources */ = {
			isa = PBXSourcesBuildPhase;
			buildActionMask = 2147483647;
			files = (
				F2D767FC1FC3C3DE007595C5 /* PhotosViewController.swift in Sources */,
				F2D767F81FC3BCE9007595C5 /* PhotoCell.swift in Sources */,
				F24DA46C1FC3BAC300369150 /* AppDelegate.swift in Sources */,
				F2D768001FC4CC17007595C5 /* DetailViewController.swift in Sources */,
			);
			runOnlyForDeploymentPostprocessing = 0;
		};
		F24DA4781FC3BAC300369150 /* Sources */ = {
			isa = PBXSourcesBuildPhase;
			buildActionMask = 2147483647;
			files = (
				F24DA4811FC3BAC400369150 /* TumblrTests.swift in Sources */,
			);
			runOnlyForDeploymentPostprocessing = 0;
		};
		F24DA4831FC3BAC400369150 /* Sources */ = {
			isa = PBXSourcesBuildPhase;
			buildActionMask = 2147483647;
			files = (
				F24DA48C1FC3BAC400369150 /* TumblrUITests.swift in Sources */,
			);
			runOnlyForDeploymentPostprocessing = 0;
		};
/* End PBXSourcesBuildPhase section */

/* Begin PBXTargetDependency section */
		F24DA47E1FC3BAC300369150 /* PBXTargetDependency */ = {
			isa = PBXTargetDependency;
			target = F24DA4671FC3BAC300369150 /* Tumblr */;
			targetProxy = F24DA47D1FC3BAC300369150 /* PBXContainerItemProxy */;
		};
		F24DA4891FC3BAC400369150 /* PBXTargetDependency */ = {
			isa = PBXTargetDependency;
			target = F24DA4671FC3BAC300369150 /* Tumblr */;
			targetProxy = F24DA4881FC3BAC400369150 /* PBXContainerItemProxy */;
		};
/* End PBXTargetDependency section */

/* Begin PBXVariantGroup section */
		F24DA46F1FC3BAC300369150 /* Main.storyboard */ = {
			isa = PBXVariantGroup;
			children = (
				F24DA4701FC3BAC300369150 /* Base */,
			);
			name = Main.storyboard;
			sourceTree = "<group>";
		};
		F24DA4741FC3BAC300369150 /* LaunchScreen.storyboard */ = {
			isa = PBXVariantGroup;
			children = (
				F24DA4751FC3BAC300369150 /* Base */,
			);
			name = LaunchScreen.storyboard;
			sourceTree = "<group>";
		};
/* End PBXVariantGroup section */

/* Begin XCBuildConfiguration section */
		F24DA48E1FC3BAC400369150 /* Debug */ = {
			isa = XCBuildConfiguration;
			buildSettings = {
				ALWAYS_SEARCH_USER_PATHS = NO;
				CLANG_ANALYZER_NONNULL = YES;
				CLANG_ANALYZER_NUMBER_OBJECT_CONVERSION = YES_AGGRESSIVE;
				CLANG_CXX_LANGUAGE_STANDARD = "gnu++14";
				CLANG_CXX_LIBRARY = "libc++";
				CLANG_ENABLE_MODULES = YES;
				CLANG_ENABLE_OBJC_ARC = YES;
				CLANG_WARN_BLOCK_CAPTURE_AUTORELEASING = YES;
				CLANG_WARN_BOOL_CONVERSION = YES;
				CLANG_WARN_COMMA = YES;
				CLANG_WARN_CONSTANT_CONVERSION = YES;
				CLANG_WARN_DIRECT_OBJC_ISA_USAGE = YES_ERROR;
				CLANG_WARN_DOCUMENTATION_COMMENTS = YES;
				CLANG_WARN_EMPTY_BODY = YES;
				CLANG_WARN_ENUM_CONVERSION = YES;
				CLANG_WARN_INFINITE_RECURSION = YES;
				CLANG_WARN_INT_CONVERSION = YES;
				CLANG_WARN_NON_LITERAL_NULL_CONVERSION = YES;
				CLANG_WARN_OBJC_LITERAL_CONVERSION = YES;
				CLANG_WARN_OBJC_ROOT_CLASS = YES_ERROR;
				CLANG_WARN_RANGE_LOOP_ANALYSIS = YES;
				CLANG_WARN_STRICT_PROTOTYPES = YES;
				CLANG_WARN_SUSPICIOUS_MOVE = YES;
				CLANG_WARN_UNGUARDED_AVAILABILITY = YES_AGGRESSIVE;
				CLANG_WARN_UNREACHABLE_CODE = YES;
				CLANG_WARN__DUPLICATE_METHOD_MATCH = YES;
				CODE_SIGN_IDENTITY = "iPhone Developer";
				COPY_PHASE_STRIP = NO;
				DEBUG_INFORMATION_FORMAT = dwarf;
				ENABLE_STRICT_OBJC_MSGSEND = YES;
				ENABLE_TESTABILITY = YES;
				GCC_C_LANGUAGE_STANDARD = gnu11;
				GCC_DYNAMIC_NO_PIC = NO;
				GCC_NO_COMMON_BLOCKS = YES;
				GCC_OPTIMIZATION_LEVEL = 0;
				GCC_PREPROCESSOR_DEFINITIONS = (
					"DEBUG=1",
					"$(inherited)",
				);
				GCC_WARN_64_TO_32_BIT_CONVERSION = YES;
				GCC_WARN_ABOUT_RETURN_TYPE = YES_ERROR;
				GCC_WARN_UNDECLARED_SELECTOR = YES;
				GCC_WARN_UNINITIALIZED_AUTOS = YES_AGGRESSIVE;
				GCC_WARN_UNUSED_FUNCTION = YES;
				GCC_WARN_UNUSED_VARIABLE = YES;
				IPHONEOS_DEPLOYMENT_TARGET = 11.1;
				MTL_ENABLE_DEBUG_INFO = YES;
				ONLY_ACTIVE_ARCH = YES;
				SDKROOT = iphoneos;
				SWIFT_ACTIVE_COMPILATION_CONDITIONS = DEBUG;
				SWIFT_OPTIMIZATION_LEVEL = "-Onone";
			};
			name = Debug;
		};
		F24DA48F1FC3BAC400369150 /* Release */ = {
			isa = XCBuildConfiguration;
			buildSettings = {
				ALWAYS_SEARCH_USER_PATHS = NO;
				CLANG_ANALYZER_NONNULL = YES;
				CLANG_ANALYZER_NUMBER_OBJECT_CONVERSION = YES_AGGRESSIVE;
				CLANG_CXX_LANGUAGE_STANDARD = "gnu++14";
				CLANG_CXX_LIBRARY = "libc++";
				CLANG_ENABLE_MODULES = YES;
				CLANG_ENABLE_OBJC_ARC = YES;
				CLANG_WARN_BLOCK_CAPTURE_AUTORELEASING = YES;
				CLANG_WARN_BOOL_CONVERSION = YES;
				CLANG_WARN_COMMA = YES;
				CLANG_WARN_CONSTANT_CONVERSION = YES;
				CLANG_WARN_DIRECT_OBJC_ISA_USAGE = YES_ERROR;
				CLANG_WARN_DOCUMENTATION_COMMENTS = YES;
				CLANG_WARN_EMPTY_BODY = YES;
				CLANG_WARN_ENUM_CONVERSION = YES;
				CLANG_WARN_INFINITE_RECURSION = YES;
				CLANG_WARN_INT_CONVERSION = YES;
				CLANG_WARN_NON_LITERAL_NULL_CONVERSION = YES;
				CLANG_WARN_OBJC_LITERAL_CONVERSION = YES;
				CLANG_WARN_OBJC_ROOT_CLASS = YES_ERROR;
				CLANG_WARN_RANGE_LOOP_ANALYSIS = YES;
				CLANG_WARN_STRICT_PROTOTYPES = YES;
				CLANG_WARN_SUSPICIOUS_MOVE = YES;
				CLANG_WARN_UNGUARDED_AVAILABILITY = YES_AGGRESSIVE;
				CLANG_WARN_UNREACHABLE_CODE = YES;
				CLANG_WARN__DUPLICATE_METHOD_MATCH = YES;
				CODE_SIGN_IDENTITY = "iPhone Developer";
				COPY_PHASE_STRIP = NO;
				DEBUG_INFORMATION_FORMAT = "dwarf-with-dsym";
				ENABLE_NS_ASSERTIONS = NO;
				ENABLE_STRICT_OBJC_MSGSEND = YES;
				GCC_C_LANGUAGE_STANDARD = gnu11;
				GCC_NO_COMMON_BLOCKS = YES;
				GCC_WARN_64_TO_32_BIT_CONVERSION = YES;
				GCC_WARN_ABOUT_RETURN_TYPE = YES_ERROR;
				GCC_WARN_UNDECLARED_SELECTOR = YES;
				GCC_WARN_UNINITIALIZED_AUTOS = YES_AGGRESSIVE;
				GCC_WARN_UNUSED_FUNCTION = YES;
				GCC_WARN_UNUSED_VARIABLE = YES;
				IPHONEOS_DEPLOYMENT_TARGET = 11.1;
				MTL_ENABLE_DEBUG_INFO = NO;
				SDKROOT = iphoneos;
				SWIFT_OPTIMIZATION_LEVEL = "-Owholemodule";
				VALIDATE_PRODUCT = YES;
			};
			name = Release;
		};
		F24DA4911FC3BAC400369150 /* Debug */ = {
			isa = XCBuildConfiguration;
			baseConfigurationReference = 377C0FD34E251C1408622DE4 /* Pods-Tumblr.debug.xcconfig */;
			buildSettings = {
				ASSETCATALOG_COMPILER_APPICON_NAME = AppIcon;
				CODE_SIGN_STYLE = Automatic;
				DEVELOPMENT_TEAM = D94SFQFGHY;
				INFOPLIST_FILE = Tumblr/Info.plist;
				LD_RUNPATH_SEARCH_PATHS = "$(inherited) @executable_path/Frameworks";
				PRODUCT_BUNDLE_IDENTIFIER = com.devroldy.Tumblr;
				PRODUCT_NAME = "$(TARGET_NAME)";
				SWIFT_VERSION = 4.0;
				TARGETED_DEVICE_FAMILY = "1,2";
			};
			name = Debug;
		};
		F24DA4921FC3BAC400369150 /* Release */ = {
			isa = XCBuildConfiguration;
			baseConfigurationReference = CC4E6B23302F070F89EC6D78 /* Pods-Tumblr.release.xcconfig */;
			buildSettings = {
				ASSETCATALOG_COMPILER_APPICON_NAME = AppIcon;
				CODE_SIGN_STYLE = Automatic;
				DEVELOPMENT_TEAM = D94SFQFGHY;
				INFOPLIST_FILE = Tumblr/Info.plist;
				LD_RUNPATH_SEARCH_PATHS = "$(inherited) @executable_path/Frameworks";
				PRODUCT_BUNDLE_IDENTIFIER = com.devroldy.Tumblr;
				PRODUCT_NAME = "$(TARGET_NAME)";
				SWIFT_VERSION = 4.0;
				TARGETED_DEVICE_FAMILY = "1,2";
			};
			name = Release;
		};
		F24DA4941FC3BAC400369150 /* Debug */ = {
			isa = XCBuildConfiguration;
			baseConfigurationReference = AB4D25979CB853BE5468D500 /* Pods-TumblrTests.debug.xcconfig */;
			buildSettings = {
				ALWAYS_EMBED_SWIFT_STANDARD_LIBRARIES = YES;
				BUNDLE_LOADER = "$(TEST_HOST)";
				CODE_SIGN_STYLE = Automatic;
				DEVELOPMENT_TEAM = D94SFQFGHY;
				INFOPLIST_FILE = TumblrTests/Info.plist;
				LD_RUNPATH_SEARCH_PATHS = "$(inherited) @executable_path/Frameworks @loader_path/Frameworks";
				PRODUCT_BUNDLE_IDENTIFIER = com.devroldy.TumblrTests;
				PRODUCT_NAME = "$(TARGET_NAME)";
				SWIFT_VERSION = 4.0;
				TARGETED_DEVICE_FAMILY = "1,2";
				TEST_HOST = "$(BUILT_PRODUCTS_DIR)/Tumblr.app/Tumblr";
			};
			name = Debug;
		};
		F24DA4951FC3BAC400369150 /* Release */ = {
			isa = XCBuildConfiguration;
			baseConfigurationReference = ABAE68743FEDEA3CDB3B83AE /* Pods-TumblrTests.release.xcconfig */;
			buildSettings = {
				ALWAYS_EMBED_SWIFT_STANDARD_LIBRARIES = YES;
				BUNDLE_LOADER = "$(TEST_HOST)";
				CODE_SIGN_STYLE = Automatic;
				DEVELOPMENT_TEAM = D94SFQFGHY;
				INFOPLIST_FILE = TumblrTests/Info.plist;
				LD_RUNPATH_SEARCH_PATHS = "$(inherited) @executable_path/Frameworks @loader_path/Frameworks";
				PRODUCT_BUNDLE_IDENTIFIER = com.devroldy.TumblrTests;
				PRODUCT_NAME = "$(TARGET_NAME)";
				SWIFT_VERSION = 4.0;
				TARGETED_DEVICE_FAMILY = "1,2";
				TEST_HOST = "$(BUILT_PRODUCTS_DIR)/Tumblr.app/Tumblr";
			};
			name = Release;
		};
		F24DA4971FC3BAC400369150 /* Debug */ = {
			isa = XCBuildConfiguration;
			baseConfigurationReference = 145786C518104808C4E6EF9A /* Pods-TumblrUITests.debug.xcconfig */;
			buildSettings = {
				ALWAYS_EMBED_SWIFT_STANDARD_LIBRARIES = YES;
				CODE_SIGN_STYLE = Automatic;
				DEVELOPMENT_TEAM = D94SFQFGHY;
				INFOPLIST_FILE = TumblrUITests/Info.plist;
				LD_RUNPATH_SEARCH_PATHS = "$(inherited) @executable_path/Frameworks @loader_path/Frameworks";
				PRODUCT_BUNDLE_IDENTIFIER = com.devroldy.TumblrUITests;
				PRODUCT_NAME = "$(TARGET_NAME)";
				SWIFT_VERSION = 4.0;
				TARGETED_DEVICE_FAMILY = "1,2";
				TEST_TARGET_NAME = Tumblr;
			};
			name = Debug;
		};
		F24DA4981FC3BAC400369150 /* Release */ = {
			isa = XCBuildConfiguration;
			baseConfigurationReference = A5D00A67682E31680D4BF0D0 /* Pods-TumblrUITests.release.xcconfig */;
			buildSettings = {
				ALWAYS_EMBED_SWIFT_STANDARD_LIBRARIES = YES;
				CODE_SIGN_STYLE = Automatic;
				DEVELOPMENT_TEAM = D94SFQFGHY;
				INFOPLIST_FILE = TumblrUITests/Info.plist;
				LD_RUNPATH_SEARCH_PATHS = "$(inherited) @executable_path/Frameworks @loader_path/Frameworks";
				PRODUCT_BUNDLE_IDENTIFIER = com.devroldy.TumblrUITests;
				PRODUCT_NAME = "$(TARGET_NAME)";
				SWIFT_VERSION = 4.0;
				TARGETED_DEVICE_FAMILY = "1,2";
				TEST_TARGET_NAME = Tumblr;
			};
			name = Release;
		};
/* End XCBuildConfiguration section */

/* Begin XCConfigurationList section */
		F24DA4631FC3BAC300369150 /* Build configuration list for PBXProject "Tumblr" */ = {
			isa = XCConfigurationList;
			buildConfigurations = (
				F24DA48E1FC3BAC400369150 /* Debug */,
				F24DA48F1FC3BAC400369150 /* Release */,
			);
			defaultConfigurationIsVisible = 0;
			defaultConfigurationName = Release;
		};
		F24DA4901FC3BAC400369150 /* Build configuration list for PBXNativeTarget "Tumblr" */ = {
			isa = XCConfigurationList;
			buildConfigurations = (
				F24DA4911FC3BAC400369150 /* Debug */,
				F24DA4921FC3BAC400369150 /* Release */,
			);
			defaultConfigurationIsVisible = 0;
			defaultConfigurationName = Release;
		};
		F24DA4931FC3BAC400369150 /* Build configuration list for PBXNativeTarget "TumblrTests" */ = {
			isa = XCConfigurationList;
			buildConfigurations = (
				F24DA4941FC3BAC400369150 /* Debug */,
				F24DA4951FC3BAC400369150 /* Release */,
			);
			defaultConfigurationIsVisible = 0;
			defaultConfigurationName = Release;
		};
		F24DA4961FC3BAC400369150 /* Build configuration list for PBXNativeTarget "TumblrUITests" */ = {
			isa = XCConfigurationList;
			buildConfigurations = (
				F24DA4971FC3BAC400369150 /* Debug */,
				F24DA4981FC3BAC400369150 /* Release */,
			);
			defaultConfigurationIsVisible = 0;
			defaultConfigurationName = Release;
		};
/* End XCConfigurationList section */
	};
	rootObject = F24DA4601FC3BAC300369150 /* Project object */;
}
